// !$*UTF8*$!
{
	archiveVersion = 1;
	classes = {
	};
	objectVersion = 56;
	objects = {

/* Begin PBXBuildFile section */
		A66E8D672B2E8F760063261B /* TimerView.swift in Sources */ = {isa = PBXBuildFile; fileRef = A66E8D662B2E8F760063261B /* TimerView.swift */; };
		A66E8D692B2E900D0063261B /* SettingView.swift in Sources */ = {isa = PBXBuildFile; fileRef = A66E8D682B2E900D0063261B /* SettingView.swift */; };
		A66E8D6B2B2E92820063261B /* Localizable.xcstrings in Resources */ = {isa = PBXBuildFile; fileRef = A66E8D6A2B2E92820063261B /* Localizable.xcstrings */; };
		A692B3752B2EB7D200008A78 /* TopPath.swift in Sources */ = {isa = PBXBuildFile; fileRef = A692B3742B2EB7D200008A78 /* TopPath.swift */; };
		A6B287E82B2D46480035ACF4 /* M1Timer Watch App.app in Embed Watch Content */ = {isa = PBXBuildFile; fileRef = A6B287E72B2D46480035ACF4 /* M1Timer Watch App.app */; settings = {ATTRIBUTES = (RemoveHeadersOnCopy, ); }; };
		A6B287ED2B2D46480035ACF4 /* M1TimerApp.swift in Sources */ = {isa = PBXBuildFile; fileRef = A6B287EC2B2D46480035ACF4 /* M1TimerApp.swift */; };
		A6B287EF2B2D46480035ACF4 /* ContentView.swift in Sources */ = {isa = PBXBuildFile; fileRef = A6B287EE2B2D46480035ACF4 /* ContentView.swift */; };
		A6B287F12B2D46490035ACF4 /* Assets.xcassets in Resources */ = {isa = PBXBuildFile; fileRef = A6B287F02B2D46490035ACF4 /* Assets.xcassets */; };
		A6B287F42B2D46490035ACF4 /* Preview Assets.xcassets in Resources */ = {isa = PBXBuildFile; fileRef = A6B287F32B2D46490035ACF4 /* Preview Assets.xcassets */; };
		A6B287FE2B2D46490035ACF4 /* M1Timer_Watch_AppTests.swift in Sources */ = {isa = PBXBuildFile; fileRef = A6B287FD2B2D46490035ACF4 /* M1Timer_Watch_AppTests.swift */; };
		A6B288082B2D46490035ACF4 /* M1Timer_Watch_AppUITests.swift in Sources */ = {isa = PBXBuildFile; fileRef = A6B288072B2D46490035ACF4 /* M1Timer_Watch_AppUITests.swift */; };
		A6B2880A2B2D46490035ACF4 /* M1Timer_Watch_AppUITestsLaunchTests.swift in Sources */ = {isa = PBXBuildFile; fileRef = A6B288092B2D46490035ACF4 /* M1Timer_Watch_AppUITestsLaunchTests.swift */; };
/* End PBXBuildFile section */

/* Begin PBXContainerItemProxy section */
		A6B287E92B2D46480035ACF4 /* PBXContainerItemProxy */ = {
			isa = PBXContainerItemProxy;
			containerPortal = A6B287DB2B2D46480035ACF4 /* Project object */;
			proxyType = 1;
			remoteGlobalIDString = A6B287E62B2D46480035ACF4;
			remoteInfo = "M1Timer Watch App";
		};
		A6B287FA2B2D46490035ACF4 /* PBXContainerItemProxy */ = {
			isa = PBXContainerItemProxy;
			containerPortal = A6B287DB2B2D46480035ACF4 /* Project object */;
			proxyType = 1;
			remoteGlobalIDString = A6B287E62B2D46480035ACF4;
			remoteInfo = "M1Timer Watch App";
		};
		A6B288042B2D46490035ACF4 /* PBXContainerItemProxy */ = {
			isa = PBXContainerItemProxy;
			containerPortal = A6B287DB2B2D46480035ACF4 /* Project object */;
			proxyType = 1;
			remoteGlobalIDString = A6B287E62B2D46480035ACF4;
			remoteInfo = "M1Timer Watch App";
		};
/* End PBXContainerItemProxy section */

/* Begin PBXCopyFilesBuildPhase section */
		A6B288102B2D46490035ACF4 /* Embed Watch Content */ = {
			isa = PBXCopyFilesBuildPhase;
			buildActionMask = 2147483647;
			dstPath = "$(CONTENTS_FOLDER_PATH)/Watch";
			dstSubfolderSpec = 16;
			files = (
				A6B287E82B2D46480035ACF4 /* M1Timer Watch App.app in Embed Watch Content */,
			);
			name = "Embed Watch Content";
			runOnlyForDeploymentPostprocessing = 0;
		};
/* End PBXCopyFilesBuildPhase section */

/* Begin PBXFileReference section */
		A66E8D662B2E8F760063261B /* TimerView.swift */ = {isa = PBXFileReference; lastKnownFileType = sourcecode.swift; path = TimerView.swift; sourceTree = "<group>"; };
		A66E8D682B2E900D0063261B /* SettingView.swift */ = {isa = PBXFileReference; lastKnownFileType = sourcecode.swift; path = SettingView.swift; sourceTree = "<group>"; };
		A66E8D6A2B2E92820063261B /* Localizable.xcstrings */ = {isa = PBXFileReference; lastKnownFileType = text.json.xcstrings; path = Localizable.xcstrings; sourceTree = "<group>"; };
		A692B3742B2EB7D200008A78 /* TopPath.swift */ = {isa = PBXFileReference; lastKnownFileType = sourcecode.swift; path = TopPath.swift; sourceTree = "<group>"; };
		A6B287E12B2D46480035ACF4 /* M1Timer.app */ = {isa = PBXFileReference; explicitFileType = wrapper.application; includeInIndex = 0; path = M1Timer.app; sourceTree = BUILT_PRODUCTS_DIR; };
		A6B287E72B2D46480035ACF4 /* M1Timer Watch App.app */ = {isa = PBXFileReference; explicitFileType = wrapper.application; includeInIndex = 0; path = "M1Timer Watch App.app"; sourceTree = BUILT_PRODUCTS_DIR; };
		A6B287EC2B2D46480035ACF4 /* M1TimerApp.swift */ = {isa = PBXFileReference; lastKnownFileType = sourcecode.swift; path = M1TimerApp.swift; sourceTree = "<group>"; };
		A6B287EE2B2D46480035ACF4 /* ContentView.swift */ = {isa = PBXFileReference; lastKnownFileType = sourcecode.swift; path = ContentView.swift; sourceTree = "<group>"; };
		A6B287F02B2D46490035ACF4 /* Assets.xcassets */ = {isa = PBXFileReference; lastKnownFileType = folder.assetcatalog; path = Assets.xcassets; sourceTree = "<group>"; };
		A6B287F32B2D46490035ACF4 /* Preview Assets.xcassets */ = {isa = PBXFileReference; lastKnownFileType = folder.assetcatalog; path = "Preview Assets.xcassets"; sourceTree = "<group>"; };
		A6B287F92B2D46490035ACF4 /* M1Timer Watch AppTests.xctest */ = {isa = PBXFileReference; explicitFileType = wrapper.cfbundle; includeInIndex = 0; path = "M1Timer Watch AppTests.xctest"; sourceTree = BUILT_PRODUCTS_DIR; };
		A6B287FD2B2D46490035ACF4 /* M1Timer_Watch_AppTests.swift */ = {isa = PBXFileReference; lastKnownFileType = sourcecode.swift; path = M1Timer_Watch_AppTests.swift; sourceTree = "<group>"; };
		A6B288032B2D46490035ACF4 /* M1Timer Watch AppUITests.xctest */ = {isa = PBXFileReference; explicitFileType = wrapper.cfbundle; includeInIndex = 0; path = "M1Timer Watch AppUITests.xctest"; sourceTree = BUILT_PRODUCTS_DIR; };
		A6B288072B2D46490035ACF4 /* M1Timer_Watch_AppUITests.swift */ = {isa = PBXFileReference; lastKnownFileType = sourcecode.swift; path = M1Timer_Watch_AppUITests.swift; sourceTree = "<group>"; };
		A6B288092B2D46490035ACF4 /* M1Timer_Watch_AppUITestsLaunchTests.swift */ = {isa = PBXFileReference; lastKnownFileType = sourcecode.swift; path = M1Timer_Watch_AppUITestsLaunchTests.swift; sourceTree = "<group>"; };
/* End PBXFileReference section */

/* Begin PBXFrameworksBuildPhase section */
		A6B287E42B2D46480035ACF4 /* Frameworks */ = {
			isa = PBXFrameworksBuildPhase;
			buildActionMask = 2147483647;
			files = (
			);
			runOnlyForDeploymentPostprocessing = 0;
		};
		A6B287F62B2D46490035ACF4 /* Frameworks */ = {
			isa = PBXFrameworksBuildPhase;
			buildActionMask = 2147483647;
			files = (
			);
			runOnlyForDeploymentPostprocessing = 0;
		};
		A6B288002B2D46490035ACF4 /* Frameworks */ = {
			isa = PBXFrameworksBuildPhase;
			buildActionMask = 2147483647;
			files = (
			);
			runOnlyForDeploymentPostprocessing = 0;
		};
/* End PBXFrameworksBuildPhase section */

/* Begin PBXGroup section */
		A6B287DA2B2D46480035ACF4 = {
			isa = PBXGroup;
			children = (
				A66E8D6A2B2E92820063261B /* Localizable.xcstrings */,
				A6B287EB2B2D46480035ACF4 /* M1Timer Watch App */,
				A6B287FC2B2D46490035ACF4 /* M1Timer Watch AppTests */,
				A6B288062B2D46490035ACF4 /* M1Timer Watch AppUITests */,
				A6B287E22B2D46480035ACF4 /* Products */,
			);
			sourceTree = "<group>";
		};
		A6B287E22B2D46480035ACF4 /* Products */ = {
			isa = PBXGroup;
			children = (
				A6B287E12B2D46480035ACF4 /* M1Timer.app */,
				A6B287E72B2D46480035ACF4 /* M1Timer Watch App.app */,
				A6B287F92B2D46490035ACF4 /* M1Timer Watch AppTests.xctest */,
				A6B288032B2D46490035ACF4 /* M1Timer Watch AppUITests.xctest */,
			);
			name = Products;
			sourceTree = "<group>";
		};
		A6B287EB2B2D46480035ACF4 /* M1Timer Watch App */ = {
			isa = PBXGroup;
			children = (
				A6B287EC2B2D46480035ACF4 /* M1TimerApp.swift */,
				A6B287EE2B2D46480035ACF4 /* ContentView.swift */,
				A66E8D662B2E8F760063261B /* TimerView.swift */,
				A66E8D682B2E900D0063261B /* SettingView.swift */,
				A692B3742B2EB7D200008A78 /* TopPath.swift */,
				A6B287F02B2D46490035ACF4 /* Assets.xcassets */,
				A6B287F22B2D46490035ACF4 /* Preview Content */,
			);
			path = "M1Timer Watch App";
			sourceTree = "<group>";
		};
		A6B287F22B2D46490035ACF4 /* Preview Content */ = {
			isa = PBXGroup;
			children = (
				A6B287F32B2D46490035ACF4 /* Preview Assets.xcassets */,
			);
			path = "Preview Content";
			sourceTree = "<group>";
		};
		A6B287FC2B2D46490035ACF4 /* M1Timer Watch AppTests */ = {
			isa = PBXGroup;
			children = (
				A6B287FD2B2D46490035ACF4 /* M1Timer_Watch_AppTests.swift */,
			);
			path = "M1Timer Watch AppTests";
			sourceTree = "<group>";
		};
		A6B288062B2D46490035ACF4 /* M1Timer Watch AppUITests */ = {
			isa = PBXGroup;
			children = (
				A6B288072B2D46490035ACF4 /* M1Timer_Watch_AppUITests.swift */,
				A6B288092B2D46490035ACF4 /* M1Timer_Watch_AppUITestsLaunchTests.swift */,
			);
			path = "M1Timer Watch AppUITests";
			sourceTree = "<group>";
		};
/* End PBXGroup section */

/* Begin PBXNativeTarget section */
		A6B287E02B2D46480035ACF4 /* M1Timer */ = {
			isa = PBXNativeTarget;
			buildConfigurationList = A6B288112B2D46490035ACF4 /* Build configuration list for PBXNativeTarget "M1Timer" */;
			buildPhases = (
				A6B287DF2B2D46480035ACF4 /* Resources */,
				A6B288102B2D46490035ACF4 /* Embed Watch Content */,
			);
			buildRules = (
			);
			dependencies = (
				A6B287EA2B2D46480035ACF4 /* PBXTargetDependency */,
			);
			name = M1Timer;
			productName = M1Timer;
			productReference = A6B287E12B2D46480035ACF4 /* M1Timer.app */;
			productType = "com.apple.product-type.application.watchapp2-container";
		};
		A6B287E62B2D46480035ACF4 /* M1Timer Watch App */ = {
			isa = PBXNativeTarget;
			buildConfigurationList = A6B2880D2B2D46490035ACF4 /* Build configuration list for PBXNativeTarget "M1Timer Watch App" */;
			buildPhases = (
				A6B287E32B2D46480035ACF4 /* Sources */,
				A6B287E42B2D46480035ACF4 /* Frameworks */,
				A6B287E52B2D46480035ACF4 /* Resources */,
			);
			buildRules = (
			);
			dependencies = (
			);
			name = "M1Timer Watch App";
			productName = "M1Timer Watch App";
			productReference = A6B287E72B2D46480035ACF4 /* M1Timer Watch App.app */;
			productType = "com.apple.product-type.application";
		};
		A6B287F82B2D46490035ACF4 /* M1Timer Watch AppTests */ = {
			isa = PBXNativeTarget;
			buildConfigurationList = A6B288142B2D46490035ACF4 /* Build configuration list for PBXNativeTarget "M1Timer Watch AppTests" */;
			buildPhases = (
				A6B287F52B2D46490035ACF4 /* Sources */,
				A6B287F62B2D46490035ACF4 /* Frameworks */,
				A6B287F72B2D46490035ACF4 /* Resources */,
			);
			buildRules = (
			);
			dependencies = (
				A6B287FB2B2D46490035ACF4 /* PBXTargetDependency */,
			);
			name = "M1Timer Watch AppTests";
			productName = "M1Timer Watch AppTests";
			productReference = A6B287F92B2D46490035ACF4 /* M1Timer Watch AppTests.xctest */;
			productType = "com.apple.product-type.bundle.unit-test";
		};
		A6B288022B2D46490035ACF4 /* M1Timer Watch AppUITests */ = {
			isa = PBXNativeTarget;
			buildConfigurationList = A6B288172B2D46490035ACF4 /* Build configuration list for PBXNativeTarget "M1Timer Watch AppUITests" */;
			buildPhases = (
				A6B287FF2B2D46490035ACF4 /* Sources */,
				A6B288002B2D46490035ACF4 /* Frameworks */,
				A6B288012B2D46490035ACF4 /* Resources */,
			);
			buildRules = (
			);
			dependencies = (
				A6B288052B2D46490035ACF4 /* PBXTargetDependency */,
			);
			name = "M1Timer Watch AppUITests";
			productName = "M1Timer Watch AppUITests";
			productReference = A6B288032B2D46490035ACF4 /* M1Timer Watch AppUITests.xctest */;
			productType = "com.apple.product-type.bundle.ui-testing";
		};
/* End PBXNativeTarget section */

/* Begin PBXProject section */
		A6B287DB2B2D46480035ACF4 /* Project object */ = {
			isa = PBXProject;
			attributes = {
				BuildIndependentTargetsInParallel = 1;
				LastSwiftUpdateCheck = 1510;
				LastUpgradeCheck = 1510;
				TargetAttributes = {
					A6B287E02B2D46480035ACF4 = {
						CreatedOnToolsVersion = 15.1;
					};
					A6B287E62B2D46480035ACF4 = {
						CreatedOnToolsVersion = 15.1;
					};
					A6B287F82B2D46490035ACF4 = {
						CreatedOnToolsVersion = 15.1;
						TestTargetID = A6B287E62B2D46480035ACF4;
					};
					A6B288022B2D46490035ACF4 = {
						CreatedOnToolsVersion = 15.1;
						TestTargetID = A6B287E62B2D46480035ACF4;
					};
				};
			};
			buildConfigurationList = A6B287DE2B2D46480035ACF4 /* Build configuration list for PBXProject "M1Timer" */;
			compatibilityVersion = "Xcode 14.0";
			developmentRegion = en;
			hasScannedForEncodings = 0;
			knownRegions = (
				en,
				Base,
				ja,
			);
			mainGroup = A6B287DA2B2D46480035ACF4;
			productRefGroup = A6B287E22B2D46480035ACF4 /* Products */;
			projectDirPath = "";
			projectRoot = "";
			targets = (
				A6B287E02B2D46480035ACF4 /* M1Timer */,
				A6B287E62B2D46480035ACF4 /* M1Timer Watch App */,
				A6B287F82B2D46490035ACF4 /* M1Timer Watch AppTests */,
				A6B288022B2D46490035ACF4 /* M1Timer Watch AppUITests */,
			);
		};
/* End PBXProject section */

/* Begin PBXResourcesBuildPhase section */
		A6B287DF2B2D46480035ACF4 /* Resources */ = {
			isa = PBXResourcesBuildPhase;
			buildActionMask = 2147483647;
			files = (
			);
			runOnlyForDeploymentPostprocessing = 0;
		};
		A6B287E52B2D46480035ACF4 /* Resources */ = {
			isa = PBXResourcesBuildPhase;
			buildActionMask = 2147483647;
			files = (
				A6B287F42B2D46490035ACF4 /* Preview Assets.xcassets in Resources */,
				A6B287F12B2D46490035ACF4 /* Assets.xcassets in Resources */,
				A66E8D6B2B2E92820063261B /* Localizable.xcstrings in Resources */,
			);
			runOnlyForDeploymentPostprocessing = 0;
		};
		A6B287F72B2D46490035ACF4 /* Resources */ = {
			isa = PBXResourcesBuildPhase;
			buildActionMask = 2147483647;
			files = (
			);
			runOnlyForDeploymentPostprocessing = 0;
		};
		A6B288012B2D46490035ACF4 /* Resources */ = {
			isa = PBXResourcesBuildPhase;
			buildActionMask = 2147483647;
			files = (
			);
			runOnlyForDeploymentPostprocessing = 0;
		};
/* End PBXResourcesBuildPhase section */

/* Begin PBXSourcesBuildPhase section */
		A6B287E32B2D46480035ACF4 /* Sources */ = {
			isa = PBXSourcesBuildPhase;
			buildActionMask = 2147483647;
			files = (
				A692B3752B2EB7D200008A78 /* TopPath.swift in Sources */,
				A66E8D672B2E8F760063261B /* TimerView.swift in Sources */,
				A66E8D692B2E900D0063261B /* SettingView.swift in Sources */,
				A6B287EF2B2D46480035ACF4 /* ContentView.swift in Sources */,
				A6B287ED2B2D46480035ACF4 /* M1TimerApp.swift in Sources */,
			);
			runOnlyForDeploymentPostprocessing = 0;
		};
		A6B287F52B2D46490035ACF4 /* Sources */ = {
			isa = PBXSourcesBuildPhase;
			buildActionMask = 2147483647;
			files = (
				A6B287FE2B2D46490035ACF4 /* M1Timer_Watch_AppTests.swift in Sources */,
			);
			runOnlyForDeploymentPostprocessing = 0;
		};
		A6B287FF2B2D46490035ACF4 /* Sources */ = {
			isa = PBXSourcesBuildPhase;
			buildActionMask = 2147483647;
			files = (
				A6B2880A2B2D46490035ACF4 /* M1Timer_Watch_AppUITestsLaunchTests.swift in Sources */,
				A6B288082B2D46490035ACF4 /* M1Timer_Watch_AppUITests.swift in Sources */,
			);
			runOnlyForDeploymentPostprocessing = 0;
		};
/* End PBXSourcesBuildPhase section */

/* Begin PBXTargetDependency section */
		A6B287EA2B2D46480035ACF4 /* PBXTargetDependency */ = {
			isa = PBXTargetDependency;
			target = A6B287E62B2D46480035ACF4 /* M1Timer Watch App */;
			targetProxy = A6B287E92B2D46480035ACF4 /* PBXContainerItemProxy */;
		};
		A6B287FB2B2D46490035ACF4 /* PBXTargetDependency */ = {
			isa = PBXTargetDependency;
			target = A6B287E62B2D46480035ACF4 /* M1Timer Watch App */;
			targetProxy = A6B287FA2B2D46490035ACF4 /* PBXContainerItemProxy */;
		};
		A6B288052B2D46490035ACF4 /* PBXTargetDependency */ = {
			isa = PBXTargetDependency;
			target = A6B287E62B2D46480035ACF4 /* M1Timer Watch App */;
			targetProxy = A6B288042B2D46490035ACF4 /* PBXContainerItemProxy */;
		};
/* End PBXTargetDependency section */

/* Begin XCBuildConfiguration section */
		A6B2880B2B2D46490035ACF4 /* Debug */ = {
			isa = XCBuildConfiguration;
			buildSettings = {
				ALWAYS_SEARCH_USER_PATHS = NO;
				ASSETCATALOG_COMPILER_GENERATE_SWIFT_ASSET_SYMBOL_EXTENSIONS = YES;
				CLANG_ANALYZER_NONNULL = YES;
				CLANG_ANALYZER_NUMBER_OBJECT_CONVERSION = YES_AGGRESSIVE;
				CLANG_CXX_LANGUAGE_STANDARD = "gnu++20";
				CLANG_ENABLE_MODULES = YES;
				CLANG_ENABLE_OBJC_ARC = YES;
				CLANG_ENABLE_OBJC_WEAK = YES;
				CLANG_WARN_BLOCK_CAPTURE_AUTORELEASING = YES;
				CLANG_WARN_BOOL_CONVERSION = YES;
				CLANG_WARN_COMMA = YES;
				CLANG_WARN_CONSTANT_CONVERSION = YES;
				CLANG_WARN_DEPRECATED_OBJC_IMPLEMENTATIONS = YES;
				CLANG_WARN_DIRECT_OBJC_ISA_USAGE = YES_ERROR;
				CLANG_WARN_DOCUMENTATION_COMMENTS = YES;
				CLANG_WARN_EMPTY_BODY = YES;
				CLANG_WARN_ENUM_CONVERSION = YES;
				CLANG_WARN_INFINITE_RECURSION = YES;
				CLANG_WARN_INT_CONVERSION = YES;
				CLANG_WARN_NON_LITERAL_NULL_CONVERSION = YES;
				CLANG_WARN_OBJC_IMPLICIT_RETAIN_SELF = YES;
				CLANG_WARN_OBJC_LITERAL_CONVERSION = YES;
				CLANG_WARN_OBJC_ROOT_CLASS = YES_ERROR;
				CLANG_WARN_QUOTED_INCLUDE_IN_FRAMEWORK_HEADER = YES;
				CLANG_WARN_RANGE_LOOP_ANALYSIS = YES;
				CLANG_WARN_STRICT_PROTOTYPES = YES;
				CLANG_WARN_SUSPICIOUS_MOVE = YES;
				CLANG_WARN_UNGUARDED_AVAILABILITY = YES_AGGRESSIVE;
				CLANG_WARN_UNREACHABLE_CODE = YES;
				CLANG_WARN__DUPLICATE_METHOD_MATCH = YES;
				COPY_PHASE_STRIP = NO;
				DEBUG_INFORMATION_FORMAT = dwarf;
				ENABLE_STRICT_OBJC_MSGSEND = YES;
				ENABLE_TESTABILITY = YES;
				ENABLE_USER_SCRIPT_SANDBOXING = YES;
				GCC_C_LANGUAGE_STANDARD = gnu17;
				GCC_DYNAMIC_NO_PIC = NO;
				GCC_NO_COMMON_BLOCKS = YES;
				GCC_OPTIMIZATION_LEVEL = 0;
				GCC_PREPROCESSOR_DEFINITIONS = (
					"DEBUG=1",
					"$(inherited)",
				);
				GCC_WARN_64_TO_32_BIT_CONVERSION = YES;
				GCC_WARN_ABOUT_RETURN_TYPE = YES_ERROR;
				GCC_WARN_UNDECLARED_SELECTOR = YES;
				GCC_WARN_UNINITIALIZED_AUTOS = YES_AGGRESSIVE;
				GCC_WARN_UNUSED_FUNCTION = YES;
				GCC_WARN_UNUSED_VARIABLE = YES;
				LOCALIZATION_PREFERS_STRING_CATALOGS = YES;
				MTL_ENABLE_DEBUG_INFO = INCLUDE_SOURCE;
				MTL_FAST_MATH = YES;
				ONLY_ACTIVE_ARCH = YES;
				SWIFT_ACTIVE_COMPILATION_CONDITIONS = "DEBUG $(inherited)";
				SWIFT_OPTIMIZATION_LEVEL = "-Onone";
			};
			name = Debug;
		};
		A6B2880C2B2D46490035ACF4 /* Release */ = {
			isa = XCBuildConfiguration;
			buildSettings = {
				ALWAYS_SEARCH_USER_PATHS = NO;
				ASSETCATALOG_COMPILER_GENERATE_SWIFT_ASSET_SYMBOL_EXTENSIONS = YES;
				CLANG_ANALYZER_NONNULL = YES;
				CLANG_ANALYZER_NUMBER_OBJECT_CONVERSION = YES_AGGRESSIVE;
				CLANG_CXX_LANGUAGE_STANDARD = "gnu++20";
				CLANG_ENABLE_MODULES = YES;
				CLANG_ENABLE_OBJC_ARC = YES;
				CLANG_ENABLE_OBJC_WEAK = YES;
				CLANG_WARN_BLOCK_CAPTURE_AUTORELEASING = YES;
				CLANG_WARN_BOOL_CONVERSION = YES;
				CLANG_WARN_COMMA = YES;
				CLANG_WARN_CONSTANT_CONVERSION = YES;
				CLANG_WARN_DEPRECATED_OBJC_IMPLEMENTATIONS = YES;
				CLANG_WARN_DIRECT_OBJC_ISA_USAGE = YES_ERROR;
				CLANG_WARN_DOCUMENTATION_COMMENTS = YES;
				CLANG_WARN_EMPTY_BODY = YES;
				CLANG_WARN_ENUM_CONVERSION = YES;
				CLANG_WARN_INFINITE_RECURSION = YES;
				CLANG_WARN_INT_CONVERSION = YES;
				CLANG_WARN_NON_LITERAL_NULL_CONVERSION = YES;
				CLANG_WARN_OBJC_IMPLICIT_RETAIN_SELF = YES;
				CLANG_WARN_OBJC_LITERAL_CONVERSION = YES;
				CLANG_WARN_OBJC_ROOT_CLASS = YES_ERROR;
				CLANG_WARN_QUOTED_INCLUDE_IN_FRAMEWORK_HEADER = YES;
				CLANG_WARN_RANGE_LOOP_ANALYSIS = YES;
				CLANG_WARN_STRICT_PROTOTYPES = YES;
				CLANG_WARN_SUSPICIOUS_MOVE = YES;
				CLANG_WARN_UNGUARDED_AVAILABILITY = YES_AGGRESSIVE;
				CLANG_WARN_UNREACHABLE_CODE = YES;
				CLANG_WARN__DUPLICATE_METHOD_MATCH = YES;
				COPY_PHASE_STRIP = NO;
				DEBUG_INFORMATION_FORMAT = "dwarf-with-dsym";
				ENABLE_NS_ASSERTIONS = NO;
				ENABLE_STRICT_OBJC_MSGSEND = YES;
				ENABLE_USER_SCRIPT_SANDBOXING = YES;
				GCC_C_LANGUAGE_STANDARD = gnu17;
				GCC_NO_COMMON_BLOCKS = YES;
				GCC_WARN_64_TO_32_BIT_CONVERSION = YES;
				GCC_WARN_ABOUT_RETURN_TYPE = YES_ERROR;
				GCC_WARN_UNDECLARED_SELECTOR = YES;
				GCC_WARN_UNINITIALIZED_AUTOS = YES_AGGRESSIVE;
				GCC_WARN_UNUSED_FUNCTION = YES;
				GCC_WARN_UNUSED_VARIABLE = YES;
				LOCALIZATION_PREFERS_STRING_CATALOGS = YES;
				MTL_ENABLE_DEBUG_INFO = NO;
				MTL_FAST_MATH = YES;
				SWIFT_COMPILATION_MODE = wholemodule;
			};
			name = Release;
		};
		A6B2880E2B2D46490035ACF4 /* Debug */ = {
			isa = XCBuildConfiguration;
			buildSettings = {
				ASSETCATALOG_COMPILER_APPICON_NAME = AppIcon;
				ASSETCATALOG_COMPILER_GLOBAL_ACCENT_COLOR_NAME = AccentColor;
				CODE_SIGN_STYLE = Automatic;
				CURRENT_PROJECT_VERSION = 1;
				DEVELOPMENT_ASSET_PATHS = "\"M1Timer Watch App/Preview Content\"";
				DEVELOPMENT_TEAM = JDTR4Y333X;
				ENABLE_PREVIEWS = YES;
				GENERATE_INFOPLIST_FILE = YES;
				INFOPLIST_KEY_CFBundleDisplayName = M1Timer;
				INFOPLIST_KEY_UISupportedInterfaceOrientations = "UIInterfaceOrientationPortrait UIInterfaceOrientationPortraitUpsideDown";
				INFOPLIST_KEY_WKWatchOnly = YES;
				LD_RUNPATH_SEARCH_PATHS = (
					"$(inherited)",
					"@executable_path/Frameworks",
				);
				MARKETING_VERSION = 1.0;
				PRODUCT_BUNDLE_IDENTIFIER = com.shetommy.M1Timer.watchkitapp;
				PRODUCT_NAME = "$(TARGET_NAME)";
				SDKROOT = watchos;
				SKIP_INSTALL = YES;
				SWIFT_EMIT_LOC_STRINGS = YES;
				SWIFT_VERSION = 5.0;
				TARGETED_DEVICE_FAMILY = 4;
				WATCHOS_DEPLOYMENT_TARGET = 10.2;
			};
			name = Debug;
		};
		A6B2880F2B2D46490035ACF4 /* Release */ = {
			isa = XCBuildConfiguration;
			buildSettings = {
				ASSETCATALOG_COMPILER_APPICON_NAME = AppIcon;
				ASSETCATALOG_COMPILER_GLOBAL_ACCENT_COLOR_NAME = AccentColor;
				CODE_SIGN_STYLE = Automatic;
				CURRENT_PROJECT_VERSION = 1;
				DEVELOPMENT_ASSET_PATHS = "\"M1Timer Watch App/Preview Content\"";
				DEVELOPMENT_TEAM = JDTR4Y333X;
				ENABLE_PREVIEWS = YES;
				GENERATE_INFOPLIST_FILE = YES;
				INFOPLIST_KEY_CFBundleDisplayName = M1Timer;
				INFOPLIST_KEY_UISupportedInterfaceOrientations = "UIInterfaceOrientationPortrait UIInterfaceOrientationPortraitUpsideDown";
				INFOPLIST_KEY_WKWatchOnly = YES;
				LD_RUNPATH_SEARCH_PATHS = (
					"$(inherited)",
					"@executable_path/Frameworks",
				);
				MARKETING_VERSION = 1.0;
				PRODUCT_BUNDLE_IDENTIFIER = com.shetommy.M1Timer.watchkitapp;
				PRODUCT_NAME = "$(TARGET_NAME)";
				SDKROOT = watchos;
				SKIP_INSTALL = YES;
				SWIFT_EMIT_LOC_STRINGS = YES;
				SWIFT_VERSION = 5.0;
				TARGETED_DEVICE_FAMILY = 4;
				VALIDATE_PRODUCT = YES;
				WATCHOS_DEPLOYMENT_TARGET = 10.2;
			};
			name = Release;
		};
		A6B288122B2D46490035ACF4 /* Debug */ = {
			isa = XCBuildConfiguration;
			buildSettings = {
				ALWAYS_EMBED_SWIFT_STANDARD_LIBRARIES = YES;
				CODE_SIGN_STYLE = Automatic;
				CURRENT_PROJECT_VERSION = 1;
				DEVELOPMENT_TEAM = JDTR4Y333X;
				INFOPLIST_KEY_CFBundleDisplayName = M1Timer;
				MARKETING_VERSION = 1.0;
				PRODUCT_BUNDLE_IDENTIFIER = com.shetommy.M1Timer;
				PRODUCT_NAME = "$(TARGET_NAME)";
				SDKROOT = iphoneos;
				SWIFT_VERSION = 5.0;
			};
			name = Debug;
		};
		A6B288132B2D46490035ACF4 /* Release */ = {
			isa = XCBuildConfiguration;
			buildSettings = {
				ALWAYS_EMBED_SWIFT_STANDARD_LIBRARIES = YES;
				CODE_SIGN_STYLE = Automatic;
				CURRENT_PROJECT_VERSION = 1;
				DEVELOPMENT_TEAM = JDTR4Y333X;
				INFOPLIST_KEY_CFBundleDisplayName = M1Timer;
				MARKETING_VERSION = 1.0;
				PRODUCT_BUNDLE_IDENTIFIER = com.shetommy.M1Timer;
				PRODUCT_NAME = "$(TARGET_NAME)";
				SDKROOT = iphoneos;
				SWIFT_VERSION = 5.0;
				VALIDATE_PRODUCT = YES;
			};
			name = Release;
		};
		A6B288152B2D46490035ACF4 /* Debug */ = {
			isa = XCBuildConfiguration;
			buildSettings = {
				ALWAYS_EMBED_SWIFT_STANDARD_LIBRARIES = YES;
				BUNDLE_LOADER = "$(TEST_HOST)";
				CODE_SIGN_STYLE = Automatic;
				CURRENT_PROJECT_VERSION = 1;
				DEVELOPMENT_TEAM = JDTR4Y333X;
				GENERATE_INFOPLIST_FILE = YES;
				MARKETING_VERSION = 1.0;
				PRODUCT_BUNDLE_IDENTIFIER = "com.shetommy.M1Timer-Watch-AppTests";
				PRODUCT_NAME = "$(TARGET_NAME)";
				SDKROOT = watchos;
				SWIFT_EMIT_LOC_STRINGS = NO;
				SWIFT_VERSION = 5.0;
				TARGETED_DEVICE_FAMILY = 4;
				TEST_HOST = "$(BUILT_PRODUCTS_DIR)/M1Timer Watch App.app/$(BUNDLE_EXECUTABLE_FOLDER_PATH)/M1Timer Watch App";
				WATCHOS_DEPLOYMENT_TARGET = 10.2;
			};
			name = Debug;
		};
		A6B288162B2D46490035ACF4 /* Release */ = {
			isa = XCBuildConfiguration;
			buildSettings = {
				ALWAYS_EMBED_SWIFT_STANDARD_LIBRARIES = YES;
				BUNDLE_LOADER = "$(TEST_HOST)";
				CODE_SIGN_STYLE = Automatic;
				CURRENT_PROJECT_VERSION = 1;
				DEVELOPMENT_TEAM = JDTR4Y333X;
				GENERATE_INFOPLIST_FILE = YES;
				MARKETING_VERSION = 1.0;
				PRODUCT_BUNDLE_IDENTIFIER = "com.shetommy.M1Timer-Watch-AppTests";
				PRODUCT_NAME = "$(TARGET_NAME)";
				SDKROOT = watchos;
				SWIFT_EMIT_LOC_STRINGS = NO;
				SWIFT_VERSION = 5.0;
				TARGETED_DEVICE_FAMILY = 4;
				TEST_HOST = "$(BUILT_PRODUCTS_DIR)/M1Timer Watch App.app/$(BUNDLE_EXECUTABLE_FOLDER_PATH)/M1Timer Watch App";
				VALIDATE_PRODUCT = YES;
				WATCHOS_DEPLOYMENT_TARGET = 10.2;
			};
			name = Release;
		};
		A6B288182B2D46490035ACF4 /* Debug */ = {
			isa = XCBuildConfiguration;
			buildSettings = {
				ALWAYS_EMBED_SWIFT_STANDARD_LIBRARIES = YES;
				CODE_SIGN_STYLE = Automatic;
				CURRENT_PROJECT_VERSION = 1;
				DEVELOPMENT_TEAM = JDTR4Y333X;
				GENERATE_INFOPLIST_FILE = YES;
				MARKETING_VERSION = 1.0;
				PRODUCT_BUNDLE_IDENTIFIER = "com.shetommy.M1Timer-Watch-AppUITests";
				PRODUCT_NAME = "$(TARGET_NAME)";
				SDKROOT = watchos;
				SWIFT_EMIT_LOC_STRINGS = NO;
				SWIFT_VERSION = 5.0;
				TARGETED_DEVICE_FAMILY = 4;
				TEST_TARGET_NAME = "M1Timer Watch App";
				WATCHOS_DEPLOYMENT_TARGET = 10.2;
			};
			name = Debug;
		};
		A6B288192B2D46490035ACF4 /* Release */ = {
			isa = XCBuildConfiguration;
			buildSettings = {
				ALWAYS_EMBED_SWIFT_STANDARD_LIBRARIES = YES;
				CODE_SIGN_STYLE = Automatic;
				CURRENT_PROJECT_VERSION = 1;
				DEVELOPMENT_TEAM = JDTR4Y333X;
				GENERATE_INFOPLIST_FILE = YES;
				MARKETING_VERSION = 1.0;
				PRODUCT_BUNDLE_IDENTIFIER = "com.shetommy.M1Timer-Watch-AppUITests";
				PRODUCT_NAME = "$(TARGET_NAME)";
				SDKROOT = watchos;
				SWIFT_EMIT_LOC_STRINGS = NO;
				SWIFT_VERSION = 5.0;
				TARGETED_DEVICE_FAMILY = 4;
				TEST_TARGET_NAME = "M1Timer Watch App";
				VALIDATE_PRODUCT = YES;
				WATCHOS_DEPLOYMENT_TARGET = 10.2;
			};
			name = Release;
		};
/* End XCBuildConfiguration section */

/* Begin XCConfigurationList section */
		A6B287DE2B2D46480035ACF4 /* Build configuration list for PBXProject "M1Timer" */ = {
			isa = XCConfigurationList;
			buildConfigurations = (
				A6B2880B2B2D46490035ACF4 /* Debug */,
				A6B2880C2B2D46490035ACF4 /* Release */,
			);
			defaultConfigurationIsVisible = 0;
			defaultConfigurationName = Release;
		};
		A6B2880D2B2D46490035ACF4 /* Build configuration list for PBXNativeTarget "M1Timer Watch App" */ = {
			isa = XCConfigurationList;
			buildConfigurations = (
				A6B2880E2B2D46490035ACF4 /* Debug */,
				A6B2880F2B2D46490035ACF4 /* Release */,
			);
			defaultConfigurationIsVisible = 0;
			defaultConfigurationName = Release;
		};
		A6B288112B2D46490035ACF4 /* Build configuration list for PBXNativeTarget "M1Timer" */ = {
			isa = XCConfigurationList;
			buildConfigurations = (
				A6B288122B2D46490035ACF4 /* Debug */,
				A6B288132B2D46490035ACF4 /* Release */,
			);
			defaultConfigurationIsVisible = 0;
			defaultConfigurationName = Release;
		};
		A6B288142B2D46490035ACF4 /* Build configuration list for PBXNativeTarget "M1Timer Watch AppTests" */ = {
			isa = XCConfigurationList;
			buildConfigurations = (
				A6B288152B2D46490035ACF4 /* Debug */,
				A6B288162B2D46490035ACF4 /* Release */,
			);
			defaultConfigurationIsVisible = 0;
			defaultConfigurationName = Release;
		};
		A6B288172B2D46490035ACF4 /* Build configuration list for PBXNativeTarget "M1Timer Watch AppUITests" */ = {
			isa = XCConfigurationList;
			buildConfigurations = (
				A6B288182B2D46490035ACF4 /* Debug */,
				A6B288192B2D46490035ACF4 /* Release */,
			);
			defaultConfigurationIsVisible = 0;
			defaultConfigurationName = Release;
		};
/* End XCConfigurationList section */
	};
	rootObject = A6B287DB2B2D46480035ACF4 /* Project object */;
}
